Microsoft Visual Studio Solution File, Format Version 12.00
# Visual Studio Version 17
VisualStudioVersion = 17.5.2.0
MinimumVisualStudioVersion = 10.0.40219.1
Project("{FAE04EC0-301F-11D3-BF4B-00C04F79EFBC}") = "ScheduleBot", "src\ScheduleBot.csproj", "{9496B3C9-EE98-4D0B-CE61-1AD1F6897676}"
EndProject
Global
	GlobalSection(SolutionConfigurationPlatforms) = preSolution
		Debug|Any CPU = Debug|Any CPU
		Release|Any CPU = Release|Any CPU
	EndGlobalSection
	GlobalSection(ProjectConfigurationPlatforms) = postSolution
		{9496B3C9-EE98-4D0B-CE61-1AD1F6897676}.Debug|Any CPU.ActiveCfg = Debug|Any CPU
		{9496B3C9-EE98-4D0B-CE61-1AD1F6897676}.Debug|Any CPU.Build.0 = Debug|Any CPU
		{9496B3C9-EE98-4D0B-CE61-1AD1F6897676}.Release|Any CPU.ActiveCfg = Release|Any CPU
		{9496B3C9-EE98-4D0B-CE61-1AD1F6897676}.Release|Any CPU.Build.0 = Release|Any CPU
	EndGlobalSection
	GlobalSection(SolutionProperties) = preSolution
		HideSolutionNode = FALSE
	EndGlobalSection
	GlobalSection(ExtensibilityGlobals) = postSolution
		SolutionGuid = {28A78B29-620F-41A5-90D4-CC2CAC8E9A2C}
	EndGlobalSection
EndGlobal
